
Microsoft Visual Studio Solution File, Format Version 12.00
# Visual Studio Version 16
VisualStudioVersion = 16.0.30011.22
MinimumVisualStudioVersion = 10.0.40219.1
Project("{FAE04EC0-301F-11D3-BF4B-00C04F79EFBC}") = "WPFApp", "WPFApp.csproj", "{7C17569E-E3D5-456F-B99E-BED69A9D6D94}"
EndProject
Project("{FAE04EC0-301F-11D3-BF4B-00C04F79EFBC}") = "DemoLibrary", "..\DemoLibrary\DemoLibrary.csproj", "{16B73522-234C-49BF-8639-C23CC7792FCC}"
EndProject
Global
	GlobalSection(SolutionConfigurationPlatforms) = preSolution
		Debug|Any CPU = Debug|Any CPU
		Release|Any CPU = Release|Any CPU
	EndGlobalSection
	GlobalSection(ProjectConfigurationPlatforms) = postSolution
		{7C17569E-E3D5-456F-B99E-BED69A9D6D94}.Debug|Any CPU.ActiveCfg = Debug|Any CPU
		{7C17569E-E3D5-456F-B99E-BED69A9D6D94}.Debug|Any CPU.Build.0 = Debug|Any CPU
		{7C17569E-E3D5-456F-B99E-BED69A9D6D94}.Release|Any CPU.ActiveCfg = Release|Any CPU
		{7C17569E-E3D5-456F-B99E-BED69A9D6D94}.Release|Any CPU.Build.0 = Release|Any CPU
		{16B73522-234C-49BF-8639-C23CC7792FCC}.Debug|Any CPU.ActiveCfg = Debug|Any CPU
		{16B73522-234C-49BF-8639-C23CC7792FCC}.Debug|Any CPU.Build.0 = Debug|Any CPU
		{16B73522-234C-49BF-8639-C23CC7792FCC}.Release|Any CPU.ActiveCfg = Release|Any CPU
		{16B73522-234C-49BF-8639-C23CC7792FCC}.Release|Any CPU.Build.0 = Release|Any CPU
	EndGlobalSection
	GlobalSection(SolutionProperties) = preSolution
		HideSolutionNode = FALSE
	EndGlobalSection
	GlobalSection(ExtensibilityGlobals) = postSolution
		SolutionGuid = {E4C67A52-2DF3-49E3-85C3-CD8564AB0B80}
	EndGlobalSection
EndGlobal
